// !$*UTF8*$!
{
	archiveVersion = 1;
	classes = {
	};
	objectVersion = 46;
	objects = {

/* Begin PBXBuildFile section */
		AC0DA6241A1BDFE500D1CD72 /* concierto.cpp in Sources */ = {isa = PBXBuildFile; fileRef = AC0DA6221A1BDFE500D1CD72 /* concierto.cpp */; };
		AC324DB81A1BC4BC00C6DD60 /* main.cpp in Sources */ = {isa = PBXBuildFile; fileRef = AC324DB71A1BC4BC00C6DD60 /* main.cpp */; };
		AC324DC01A1BC88900C6DD60 /* file_parser.cpp in Sources */ = {isa = PBXBuildFile; fileRef = AC324DBE1A1BC88900C6DD60 /* file_parser.cpp */; };
		AC92A0201A3363DD006F7D68 /* row.cpp in Sources */ = {isa = PBXBuildFile; fileRef = AC92A01E1A3363DD006F7D68 /* row.cpp */; };
/* End PBXBuildFile section */

/* Begin PBXCopyFilesBuildPhase section */
		AC324DB21A1BC4BC00C6DD60 /* CopyFiles */ = {
			isa = PBXCopyFilesBuildPhase;
			buildActionMask = 2147483647;
			dstPath = /usr/share/man/man1/;
			dstSubfolderSpec = 0;
			files = (
			);
			runOnlyForDeploymentPostprocessing = 1;
		};
/* End PBXCopyFilesBuildPhase section */

/* Begin PBXFileReference section */
		AC0DA6211A1BDC2600D1CD72 /* test.txt */ = {isa = PBXFileReference; fileEncoding = 4; lastKnownFileType = text; path = test.txt; sourceTree = "<group>"; };
		AC0DA6221A1BDFE500D1CD72 /* concierto.cpp */ = {isa = PBXFileReference; fileEncoding = 4; lastKnownFileType = sourcecode.cpp.cpp; path = concierto.cpp; sourceTree = "<group>"; };
		AC0DA6231A1BDFE500D1CD72 /* concierto.h */ = {isa = PBXFileReference; fileEncoding = 4; lastKnownFileType = sourcecode.c.h; path = concierto.h; sourceTree = "<group>"; };
		AC324DB41A1BC4BC00C6DD60 /* PECL1AyC */ = {isa = PBXFileReference; explicitFileType = "compiled.mach-o.executable"; includeInIndex = 0; path = PECL1AyC; sourceTree = BUILT_PRODUCTS_DIR; };
		AC324DB71A1BC4BC00C6DD60 /* main.cpp */ = {isa = PBXFileReference; lastKnownFileType = sourcecode.cpp.cpp; path = main.cpp; sourceTree = "<group>"; };
		AC324DBE1A1BC88900C6DD60 /* file_parser.cpp */ = {isa = PBXFileReference; fileEncoding = 4; lastKnownFileType = sourcecode.cpp.cpp; path = file_parser.cpp; sourceTree = "<group>"; };
		AC324DBF1A1BC88900C6DD60 /* file_parser.h */ = {isa = PBXFileReference; fileEncoding = 4; lastKnownFileType = sourcecode.c.h; path = file_parser.h; sourceTree = "<group>"; };
		AC92A01E1A3363DD006F7D68 /* row.cpp */ = {isa = PBXFileReference; fileEncoding = 4; lastKnownFileType = sourcecode.cpp.cpp; path = row.cpp; sourceTree = "<group>"; };
		AC92A01F1A3363DD006F7D68 /* row.h */ = {isa = PBXFileReference; fileEncoding = 4; lastKnownFileType = sourcecode.c.h; path = row.h; sourceTree = "<group>"; };
/* End PBXFileReference section */

/* Begin PBXFrameworksBuildPhase section */
		AC324DB11A1BC4BC00C6DD60 /* Frameworks */ = {
			isa = PBXFrameworksBuildPhase;
			buildActionMask = 2147483647;
			files = (
			);
			runOnlyForDeploymentPostprocessing = 0;
		};
/* End PBXFrameworksBuildPhase section */

/* Begin PBXGroup section */
		AC324DAB1A1BC4BC00C6DD60 = {
			isa = PBXGroup;
			children = (
				AC324DB61A1BC4BC00C6DD60 /* PECL1AyC */,
				AC324DB51A1BC4BC00C6DD60 /* Products */,
			);
			sourceTree = "<group>";
		};
		AC324DB51A1BC4BC00C6DD60 /* Products */ = {
			isa = PBXGroup;
			children = (
				AC324DB41A1BC4BC00C6DD60 /* PECL1AyC */,
			);
			name = Products;
			sourceTree = "<group>";
		};
		AC324DB61A1BC4BC00C6DD60 /* PECL1AyC */ = {
			isa = PBXGroup;
			children = (
				AC324DB71A1BC4BC00C6DD60 /* main.cpp */,
				AC324DBE1A1BC88900C6DD60 /* file_parser.cpp */,
				AC324DBF1A1BC88900C6DD60 /* file_parser.h */,
				AC0DA6211A1BDC2600D1CD72 /* test.txt */,
				AC0DA6221A1BDFE500D1CD72 /* concierto.cpp */,
				AC0DA6231A1BDFE500D1CD72 /* concierto.h */,
				AC92A01E1A3363DD006F7D68 /* row.cpp */,
				AC92A01F1A3363DD006F7D68 /* row.h */,
			);
			path = PECL1AyC;
			sourceTree = "<group>";
		};
/* End PBXGroup section */

/* Begin PBXNativeTarget section */
		AC324DB31A1BC4BC00C6DD60 /* PECL1AyC */ = {
			isa = PBXNativeTarget;
			buildConfigurationList = AC324DBB1A1BC4BC00C6DD60 /* Build configuration list for PBXNativeTarget "PECL1AyC" */;
			buildPhases = (
				AC324DB01A1BC4BC00C6DD60 /* Sources */,
				AC324DB11A1BC4BC00C6DD60 /* Frameworks */,
				AC324DB21A1BC4BC00C6DD60 /* CopyFiles */,
			);
			buildRules = (
			);
			dependencies = (
			);
			name = PECL1AyC;
			productName = PECL1AyC;
			productReference = AC324DB41A1BC4BC00C6DD60 /* PECL1AyC */;
			productType = "com.apple.product-type.tool";
		};
/* End PBXNativeTarget section */

/* Begin PBXProject section */
		AC324DAC1A1BC4BC00C6DD60 /* Project object */ = {
			isa = PBXProject;
			attributes = {
				LastUpgradeCheck = 0610;
				ORGANIZATIONNAME = Mario;
				TargetAttributes = {
					AC324DB31A1BC4BC00C6DD60 = {
						CreatedOnToolsVersion = 6.1;
					};
				};
			};
			buildConfigurationList = AC324DAF1A1BC4BC00C6DD60 /* Build configuration list for PBXProject "PECL1AyC" */;
			compatibilityVersion = "Xcode 3.2";
			developmentRegion = English;
			hasScannedForEncodings = 0;
			knownRegions = (
				en,
			);
			mainGroup = AC324DAB1A1BC4BC00C6DD60;
			productRefGroup = AC324DB51A1BC4BC00C6DD60 /* Products */;
			projectDirPath = "";
			projectRoot = "";
			targets = (
				AC324DB31A1BC4BC00C6DD60 /* PECL1AyC */,
			);
		};
/* End PBXProject section */

/* Begin PBXSourcesBuildPhase section */
		AC324DB01A1BC4BC00C6DD60 /* Sources */ = {
			isa = PBXSourcesBuildPhase;
			buildActionMask = 2147483647;
			files = (
				AC92A0201A3363DD006F7D68 /* row.cpp in Sources */,
				AC324DC01A1BC88900C6DD60 /* file_parser.cpp in Sources */,
				AC324DB81A1BC4BC00C6DD60 /* main.cpp in Sources */,
				AC0DA6241A1BDFE500D1CD72 /* concierto.cpp in Sources */,
			);
			runOnlyForDeploymentPostprocessing = 0;
		};
/* End PBXSourcesBuildPhase section */

/* Begin XCBuildConfiguration section */
		AC324DB91A1BC4BC00C6DD60 /* Debug */ = {
			isa = XCBuildConfiguration;
			buildSettings = {
				ALWAYS_SEARCH_USER_PATHS = NO;
				CLANG_CXX_LANGUAGE_STANDARD = "gnu++0x";
				CLANG_CXX_LIBRARY = "libc++";
				CLANG_ENABLE_MODULES = YES;
				CLANG_ENABLE_OBJC_ARC = YES;
				CLANG_WARN_BOOL_CONVERSION = YES;
				CLANG_WARN_CONSTANT_CONVERSION = YES;
				CLANG_WARN_DIRECT_OBJC_ISA_USAGE = YES_ERROR;
				CLANG_WARN_EMPTY_BODY = YES;
				CLANG_WARN_ENUM_CONVERSION = YES;
				CLANG_WARN_INT_CONVERSION = YES;
				CLANG_WARN_OBJC_ROOT_CLASS = YES_ERROR;
				CLANG_WARN_UNREACHABLE_CODE = YES;
				CLANG_WARN__DUPLICATE_METHOD_MATCH = YES;
				COPY_PHASE_STRIP = NO;
				ENABLE_STRICT_OBJC_MSGSEND = YES;
				GCC_C_LANGUAGE_STANDARD = gnu99;
				GCC_DYNAMIC_NO_PIC = NO;
				GCC_OPTIMIZATION_LEVEL = 0;
				GCC_PREPROCESSOR_DEFINITIONS = (
					"DEBUG=1",
					"$(inherited)",
				);
				GCC_SYMBOLS_PRIVATE_EXTERN = NO;
				GCC_WARN_64_TO_32_BIT_CONVERSION = YES;
				GCC_WARN_ABOUT_RETURN_TYPE = YES_ERROR;
				GCC_WARN_UNDECLARED_SELECTOR = YES;
				GCC_WARN_UNINITIALIZED_AUTOS = YES_AGGRESSIVE;
				GCC_WARN_UNUSED_FUNCTION = YES;
				GCC_WARN_UNUSED_VARIABLE = YES;
				MACOSX_DEPLOYMENT_TARGET = 10.10;
				MTL_ENABLE_DEBUG_INFO = YES;
				ONLY_ACTIVE_ARCH = YES;
				SDKROOT = macosx;
			};
			name = Debug;
		};
		AC324DBA1A1BC4BC00C6DD60 /* Release */ = {
			isa = XCBuildConfiguration;
			buildSettings = {
				ALWAYS_SEARCH_USER_PATHS = NO;
				CLANG_CXX_LANGUAGE_STANDARD = "gnu++0x";
				CLANG_CXX_LIBRARY = "libc++";
				CLANG_ENABLE_MODULES = YES;
				CLANG_ENABLE_OBJC_ARC = YES;
				CLANG_WARN_BOOL_CONVERSION = YES;
				CLANG_WARN_CONSTANT_CONVERSION = YES;
				CLANG_WARN_DIRECT_OBJC_ISA_USAGE = YES_ERROR;
				CLANG_WARN_EMPTY_BODY = YES;
				CLANG_WARN_ENUM_CONVERSION = YES;
				CLANG_WARN_INT_CONVERSION = YES;
				CLANG_WARN_OBJC_ROOT_CLASS = YES_ERROR;
				CLANG_WARN_UNREACHABLE_CODE = YES;
				CLANG_WARN__DUPLICATE_METHOD_MATCH = YES;
				COPY_PHASE_STRIP = YES;
				DEBUG_INFORMATION_FORMAT = "dwarf-with-dsym";
				ENABLE_NS_ASSERTIONS = NO;
				ENABLE_STRICT_OBJC_MSGSEND = YES;
				GCC_C_LANGUAGE_STANDARD = gnu99;
				GCC_WARN_64_TO_32_BIT_CONVERSION = YES;
				GCC_WARN_ABOUT_RETURN_TYPE = YES_ERROR;
				GCC_WARN_UNDECLARED_SELECTOR = YES;
				GCC_WARN_UNINITIALIZED_AUTOS = YES_AGGRESSIVE;
				GCC_WARN_UNUSED_FUNCTION = YES;
				GCC_WARN_UNUSED_VARIABLE = YES;
				MACOSX_DEPLOYMENT_TARGET = 10.10;
				MTL_ENABLE_DEBUG_INFO = NO;
				SDKROOT = macosx;
			};
			name = Release;
		};
		AC324DBC1A1BC4BC00C6DD60 /* Debug */ = {
			isa = XCBuildConfiguration;
			buildSettings = {
				PRODUCT_NAME = "$(TARGET_NAME)";
			};
			name = Debug;
		};
		AC324DBD1A1BC4BC00C6DD60 /* Release */ = {
			isa = XCBuildConfiguration;
			buildSettings = {
				PRODUCT_NAME = "$(TARGET_NAME)";
			};
			name = Release;
		};
/* End XCBuildConfiguration section */

/* Begin XCConfigurationList section */
		AC324DAF1A1BC4BC00C6DD60 /* Build configuration list for PBXProject "PECL1AyC" */ = {
			isa = XCConfigurationList;
			buildConfigurations = (
				AC324DB91A1BC4BC00C6DD60 /* Debug */,
				AC324DBA1A1BC4BC00C6DD60 /* Release */,
			);
			defaultConfigurationIsVisible = 0;
			defaultConfigurationName = Release;
		};
		AC324DBB1A1BC4BC00C6DD60 /* Build configuration list for PBXNativeTarget "PECL1AyC" */ = {
			isa = XCConfigurationList;
			buildConfigurations = (
				AC324DBC1A1BC4BC00C6DD60 /* Debug */,
				AC324DBD1A1BC4BC00C6DD60 /* Release */,
			);
			defaultConfigurationIsVisible = 0;
			defaultConfigurationName = Release;
		};
/* End XCConfigurationList section */
	};
	rootObject = AC324DAC1A1BC4BC00C6DD60 /* Project object */;
}
